# THIS IS AN AUTOGENERATED FILE. DO NOT EDIT THIS FILE DIRECTLY.
# yarn lockfile v1


"@types/node@^12.11.7":
  version "12.20.37"
  resolved "https://registry.yarnpkg.com/@types/node/-/node-12.20.37.tgz#abb38afa9d6e8a2f627a8cb52290b3c80fbe61ed"
  integrity sha512-i1KGxqcvJaLQali+WuypQnXwcplhtNtjs66eNsZpp2P2FL/trJJxx/VWsM0YCL2iMoIJrbXje48lvIQAQ4p2ZA==

typescript@4.5.4:
  version "4.5.4"
  resolved "https://registry.yarnpkg.com/typescript/-/typescript-4.5.4.tgz#a17d3a0263bf5c8723b9c52f43c5084edf13c2e8"
  integrity sha512-VgYs2A2QIRuGphtzFV7aQJduJ2gyfTljngLzjpfW9FoYZF6xuw1W0vW9ghCKLfcWrCFxK81CSGRAvS1pn4fIUg==
